
Microsoft Visual Studio Solution File, Format Version 12.00
# Visual Studio Version 17
VisualStudioVersion = 17.8.34601.278
MinimumVisualStudioVersion = 10.0.40219.1
Project("{9A19103F-16F7-4668-BE54-9A1E7A4F7556}") = "CheckDigit", "CheckDigit\CheckDigit.csproj", "{8C4E1DC2-169A-430B-ABB1-D8891997F670}"
EndProject
Project("{FAE04EC0-301F-11D3-BF4B-00C04F79EFBC}") = "CheckDigitTests", "CheckDigitTests\CheckDigitTests.csproj", "{1963D895-8578-4614-BFFA-A3785385F355}"
EndProject
Global
	GlobalSection(SolutionConfigurationPlatforms) = preSolution
		Debug|Any CPU = Debug|Any CPU
		Release|Any CPU = Release|Any CPU
	EndGlobalSection
	GlobalSection(ProjectConfigurationPlatforms) = postSolution
		{8C4E1DC2-169A-430B-ABB1-D8891997F670}.Debug|Any CPU.ActiveCfg = Debug|Any CPU
		{8C4E1DC2-169A-430B-ABB1-D8891997F670}.Debug|Any CPU.Build.0 = Debug|Any CPU
		{8C4E1DC2-169A-430B-ABB1-D8891997F670}.Release|Any CPU.ActiveCfg = Release|Any CPU
		{8C4E1DC2-169A-430B-ABB1-D8891997F670}.Release|Any CPU.Build.0 = Release|Any CPU
		{1963D895-8578-4614-BFFA-A3785385F355}.Debug|Any CPU.ActiveCfg = Debug|Any CPU
		{1963D895-8578-4614-BFFA-A3785385F355}.Debug|Any CPU.Build.0 = Debug|Any CPU
		{1963D895-8578-4614-BFFA-A3785385F355}.Release|Any CPU.ActiveCfg = Release|Any CPU
		{1963D895-8578-4614-BFFA-A3785385F355}.Release|Any CPU.Build.0 = Release|Any CPU
	EndGlobalSection
	GlobalSection(SolutionProperties) = preSolution
		HideSolutionNode = FALSE
	EndGlobalSection
	GlobalSection(ExtensibilityGlobals) = postSolution
		SolutionGuid = {51AD0548-939F-45A3-8388-BDCC701A7A68}
	EndGlobalSection
EndGlobal
